// !$*UTF8*$!
{
	archiveVersion = 1;
	classes = {
	};
	objectVersion = 51;
	objects = {

/* Begin PBXBuildFile section */
		18040A44265F3D7E002E722E /* BYConst.swift in Sources */ = {isa = PBXBuildFile; fileRef = 18040A43265F3D7E002E722E /* BYConst.swift */; };
		18040A5326607FA0002E722E /* BYBaseVC.swift in Sources */ = {isa = PBXBuildFile; fileRef = 18040A5226607FA0002E722E /* BYBaseVC.swift */; };
		18040A5626607FBC002E722E /* BYBaseTableViewVC.swift in Sources */ = {isa = PBXBuildFile; fileRef = 18040A5526607FBC002E722E /* BYBaseTableViewVC.swift */; };
		181045A826608FD4006199DF /* MyVC.swift in Sources */ = {isa = PBXBuildFile; fileRef = 181045A726608FD4006199DF /* MyVC.swift */; };
		1815AB33265F2C5400E524CD /* AppDelegate.swift in Sources */ = {isa = PBXBuildFile; fileRef = 1815AB32265F2C5400E524CD /* AppDelegate.swift */; };
		1815AB35265F2C5400E524CD /* SceneDelegate.swift in Sources */ = {isa = PBXBuildFile; fileRef = 1815AB34265F2C5400E524CD /* SceneDelegate.swift */; };
		1815AB37265F2C5400E524CD /* ViewController.swift in Sources */ = {isa = PBXBuildFile; fileRef = 1815AB36265F2C5400E524CD /* ViewController.swift */; };
		1815AB3A265F2C5400E524CD /* Main.storyboard in Resources */ = {isa = PBXBuildFile; fileRef = 1815AB38265F2C5400E524CD /* Main.storyboard */; };
		1815AB3C265F2C5700E524CD /* Assets.xcassets in Resources */ = {isa = PBXBuildFile; fileRef = 1815AB3B265F2C5700E524CD /* Assets.xcassets */; };
		1815AB3F265F2C5700E524CD /* LaunchScreen.storyboard in Resources */ = {isa = PBXBuildFile; fileRef = 1815AB3D265F2C5700E524CD /* LaunchScreen.storyboard */; };
		1815AB49265F351200E524CD /* BYExtension.swift in Sources */ = {isa = PBXBuildFile; fileRef = 1815AB48265F351200E524CD /* BYExtension.swift */; };
		185EF9222660950600D8E258 /* HomeVC.swift in Sources */ = {isa = PBXBuildFile; fileRef = 185EF9212660950600D8E258 /* HomeVC.swift */; };
		185EF9252660951B00D8E258 /* BusinessVC.swift in Sources */ = {isa = PBXBuildFile; fileRef = 185EF9242660951B00D8E258 /* BusinessVC.swift */; };
		188BC15D26608B9E00968138 /* BYTabBarVC.swift in Sources */ = {isa = PBXBuildFile; fileRef = 188BC15C26608B9E00968138 /* BYTabBarVC.swift */; };
		188BC16026608C3800968138 /* BYNavigationVC.swift in Sources */ = {isa = PBXBuildFile; fileRef = 188BC15F26608C3800968138 /* BYNavigationVC.swift */; };
		D1283CFDB21E68D943068BE1 /* Pods_BYSwiftTool.framework in Frameworks */ = {isa = PBXBuildFile; fileRef = 91D78096EEE1EB0929FCA898 /* Pods_BYSwiftTool.framework */; };
/* End PBXBuildFile section */

/* Begin PBXFileReference section */
		18040A43265F3D7E002E722E /* BYConst.swift */ = {isa = PBXFileReference; lastKnownFileType = sourcecode.swift; path = BYConst.swift; sourceTree = "<group>"; };
		18040A5226607FA0002E722E /* BYBaseVC.swift */ = {isa = PBXFileReference; lastKnownFileType = sourcecode.swift; path = BYBaseVC.swift; sourceTree = "<group>"; };
		18040A5526607FBC002E722E /* BYBaseTableViewVC.swift */ = {isa = PBXFileReference; lastKnownFileType = sourcecode.swift; path = BYBaseTableViewVC.swift; sourceTree = "<group>"; };
		181045A726608FD4006199DF /* MyVC.swift */ = {isa = PBXFileReference; lastKnownFileType = sourcecode.swift; path = MyVC.swift; sourceTree = "<group>"; };
		1815AB2F265F2C5400E524CD /* BYSwiftTool.app */ = {isa = PBXFileReference; explicitFileType = wrapper.application; includeInIndex = 0; path = BYSwiftTool.app; sourceTree = BUILT_PRODUCTS_DIR; };
		1815AB32265F2C5400E524CD /* AppDelegate.swift */ = {isa = PBXFileReference; lastKnownFileType = sourcecode.swift; path = AppDelegate.swift; sourceTree = "<group>"; };
		1815AB34265F2C5400E524CD /* SceneDelegate.swift */ = {isa = PBXFileReference; lastKnownFileType = sourcecode.swift; path = SceneDelegate.swift; sourceTree = "<group>"; };
		1815AB36265F2C5400E524CD /* ViewController.swift */ = {isa = PBXFileReference; lastKnownFileType = sourcecode.swift; path = ViewController.swift; sourceTree = "<group>"; };
		1815AB39265F2C5400E524CD /* Base */ = {isa = PBXFileReference; lastKnownFileType = file.storyboard; name = Base; path = Base.lproj/Main.storyboard; sourceTree = "<group>"; };
		1815AB3B265F2C5700E524CD /* Assets.xcassets */ = {isa = PBXFileReference; lastKnownFileType = folder.assetcatalog; path = Assets.xcassets; sourceTree = "<group>"; };
		1815AB3E265F2C5700E524CD /* Base */ = {isa = PBXFileReference; lastKnownFileType = file.storyboard; name = Base; path = Base.lproj/LaunchScreen.storyboard; sourceTree = "<group>"; };
		1815AB40265F2C5700E524CD /* Info.plist */ = {isa = PBXFileReference; lastKnownFileType = text.plist.xml; path = Info.plist; sourceTree = "<group>"; };
		1815AB48265F351200E524CD /* BYExtension.swift */ = {isa = PBXFileReference; lastKnownFileType = sourcecode.swift; path = BYExtension.swift; sourceTree = "<group>"; };
		185EF9212660950600D8E258 /* HomeVC.swift */ = {isa = PBXFileReference; lastKnownFileType = sourcecode.swift; path = HomeVC.swift; sourceTree = "<group>"; };
		185EF9242660951B00D8E258 /* BusinessVC.swift */ = {isa = PBXFileReference; lastKnownFileType = sourcecode.swift; path = BusinessVC.swift; sourceTree = "<group>"; };
		188BC15C26608B9E00968138 /* BYTabBarVC.swift */ = {isa = PBXFileReference; lastKnownFileType = sourcecode.swift; path = BYTabBarVC.swift; sourceTree = "<group>"; };
		188BC15F26608C3800968138 /* BYNavigationVC.swift */ = {isa = PBXFileReference; lastKnownFileType = sourcecode.swift; path = BYNavigationVC.swift; sourceTree = "<group>"; };
		91D78096EEE1EB0929FCA898 /* Pods_BYSwiftTool.framework */ = {isa = PBXFileReference; explicitFileType = wrapper.framework; includeInIndex = 0; path = Pods_BYSwiftTool.framework; sourceTree = BUILT_PRODUCTS_DIR; };
		C267ABC795DA378C887B1538 /* Pods-BYSwiftTool.release.xcconfig */ = {isa = PBXFileReference; includeInIndex = 1; lastKnownFileType = text.xcconfig; name = "Pods-BYSwiftTool.release.xcconfig"; path = "Target Support Files/Pods-BYSwiftTool/Pods-BYSwiftTool.release.xcconfig"; sourceTree = "<group>"; };
		F85D2D74D747F4AFB9E39812 /* Pods-BYSwiftTool.debug.xcconfig */ = {isa = PBXFileReference; includeInIndex = 1; lastKnownFileType = text.xcconfig; name = "Pods-BYSwiftTool.debug.xcconfig"; path = "Target Support Files/Pods-BYSwiftTool/Pods-BYSwiftTool.debug.xcconfig"; sourceTree = "<group>"; };
/* End PBXFileReference section */

/* Begin PBXFrameworksBuildPhase section */
		1815AB2C265F2C5400E524CD /* Frameworks */ = {
			isa = PBXFrameworksBuildPhase;
			buildActionMask = 2147483647;
			files = (
				D1283CFDB21E68D943068BE1 /* Pods_BYSwiftTool.framework in Frameworks */,
			);
			runOnlyForDeploymentPostprocessing = 0;
		};
/* End PBXFrameworksBuildPhase section */

/* Begin PBXGroup section */
		18040A5126607F6F002E722E /* BaseFile */ = {
			isa = PBXGroup;
			children = (
				18040A43265F3D7E002E722E /* BYConst.swift */,
				18040A5226607FA0002E722E /* BYBaseVC.swift */,
				188BC15C26608B9E00968138 /* BYTabBarVC.swift */,
				188BC15F26608C3800968138 /* BYNavigationVC.swift */,
				18040A5526607FBC002E722E /* BYBaseTableViewVC.swift */,
			);
			path = BaseFile;
			sourceTree = "<group>";
		};
		181045A426608F8B006199DF /* vc */ = {
			isa = PBXGroup;
			children = (
				181045A726608FD4006199DF /* MyVC.swift */,
			);
			path = vc;
			sourceTree = "<group>";
		};
		181045A526608F9A006199DF /* vc */ = {
			isa = PBXGroup;
			children = (
			);
			path = vc;
			sourceTree = "<group>";
		};
		181045A626608FA7006199DF /* vc */ = {
			isa = PBXGroup;
			children = (
				185EF9242660951B00D8E258 /* BusinessVC.swift */,
			);
			path = vc;
			sourceTree = "<group>";
		};
		1815AB26265F2C5400E524CD = {
			isa = PBXGroup;
			children = (
				1815AB31265F2C5400E524CD /* BYSwiftTool */,
				1815AB30265F2C5400E524CD /* Products */,
				CA44A25E36F4ECF14D6BCD68 /* Pods */,
				FCB1A78A7B4E221DA3F772D4 /* Frameworks */,
			);
			sourceTree = "<group>";
		};
		1815AB30265F2C5400E524CD /* Products */ = {
			isa = PBXGroup;
			children = (
				1815AB2F265F2C5400E524CD /* BYSwiftTool.app */,
			);
			name = Products;
			sourceTree = "<group>";
		};
		1815AB31265F2C5400E524CD /* BYSwiftTool */ = {
			isa = PBXGroup;
			children = (
				188BC16226608E8300968138 /* Business */,
				1815AB47265F34EF00E524CD /* NormalView */,
				1815AB32265F2C5400E524CD /* AppDelegate.swift */,
				1815AB34265F2C5400E524CD /* SceneDelegate.swift */,
				1815AB36265F2C5400E524CD /* ViewController.swift */,
				1815AB38265F2C5400E524CD /* Main.storyboard */,
				1815AB3B265F2C5700E524CD /* Assets.xcassets */,
				1815AB3D265F2C5700E524CD /* LaunchScreen.storyboard */,
				1815AB40265F2C5700E524CD /* Info.plist */,
			);
			path = BYSwiftTool;
			sourceTree = "<group>";
		};
		1815AB47265F34EF00E524CD /* NormalView */ = {
			isa = PBXGroup;
			children = (
				1815AB48265F351200E524CD /* BYExtension.swift */,
			);
			path = NormalView;
			sourceTree = "<group>";
		};
		188BC16226608E8300968138 /* Business */ = {
			isa = PBXGroup;
			children = (
				18040A5126607F6F002E722E /* BaseFile */,
				188BC16426608ED100968138 /* My */,
				188BC16326608EB500968138 /* Home */,
				188BC16526608EE700968138 /* Business */,
			);
			path = Business;
			sourceTree = "<group>";
		};
		188BC16326608EB500968138 /* Home */ = {
			isa = PBXGroup;
			children = (
				181045A526608F9A006199DF /* vc */,
				185EF9212660950600D8E258 /* HomeVC.swift */,
			);
			path = Home;
			sourceTree = "<group>";
		};
		188BC16426608ED100968138 /* My */ = {
			isa = PBXGroup;
			children = (
				181045A426608F8B006199DF /* vc */,
			);
			path = My;
			sourceTree = "<group>";
		};
		188BC16526608EE700968138 /* Business */ = {
			isa = PBXGroup;
			children = (
				181045A626608FA7006199DF /* vc */,
			);
			path = Business;
			sourceTree = "<group>";
		};
		CA44A25E36F4ECF14D6BCD68 /* Pods */ = {
			isa = PBXGroup;
			children = (
				F85D2D74D747F4AFB9E39812 /* Pods-BYSwiftTool.debug.xcconfig */,
				C267ABC795DA378C887B1538 /* Pods-BYSwiftTool.release.xcconfig */,
			);
			path = Pods;
			sourceTree = "<group>";
		};
		FCB1A78A7B4E221DA3F772D4 /* Frameworks */ = {
			isa = PBXGroup;
			children = (
				91D78096EEE1EB0929FCA898 /* Pods_BYSwiftTool.framework */,
			);
			name = Frameworks;
			sourceTree = "<group>";
		};
/* End PBXGroup section */

/* Begin PBXNativeTarget section */
		1815AB2E265F2C5400E524CD /* BYSwiftTool */ = {
			isa = PBXNativeTarget;
			buildConfigurationList = 1815AB43265F2C5700E524CD /* Build configuration list for PBXNativeTarget "BYSwiftTool" */;
			buildPhases = (
				9034D5767A6FCD9FD8F9F39E /* [CP] Check Pods Manifest.lock */,
				1815AB2B265F2C5400E524CD /* Sources */,
				1815AB2C265F2C5400E524CD /* Frameworks */,
				1815AB2D265F2C5400E524CD /* Resources */,
				B2C451BF18750F12AB20776D /* [CP] Embed Pods Frameworks */,
			);
			buildRules = (
			);
			dependencies = (
			);
			name = BYSwiftTool;
			productName = BYSwiftTool;
			productReference = 1815AB2F265F2C5400E524CD /* BYSwiftTool.app */;
			productType = "com.apple.product-type.application";
		};
/* End PBXNativeTarget section */

/* Begin PBXProject section */
		1815AB27265F2C5400E524CD /* Project object */ = {
			isa = PBXProject;
			attributes = {
				LastSwiftUpdateCheck = 1230;
				LastUpgradeCheck = 1230;
				TargetAttributes = {
					1815AB2E265F2C5400E524CD = {
						CreatedOnToolsVersion = 12.3;
					};
				};
			};
			buildConfigurationList = 1815AB2A265F2C5400E524CD /* Build configuration list for PBXProject "BYSwiftTool" */;
			compatibilityVersion = "Xcode 9.3";
			developmentRegion = en;
			hasScannedForEncodings = 0;
			knownRegions = (
				en,
				Base,
			);
			mainGroup = 1815AB26265F2C5400E524CD;
			productRefGroup = 1815AB30265F2C5400E524CD /* Products */;
			projectDirPath = "";
			projectRoot = "";
			targets = (
				1815AB2E265F2C5400E524CD /* BYSwiftTool */,
			);
		};
/* End PBXProject section */

/* Begin PBXResourcesBuildPhase section */
		1815AB2D265F2C5400E524CD /* Resources */ = {
			isa = PBXResourcesBuildPhase;
			buildActionMask = 2147483647;
			files = (
				1815AB3F265F2C5700E524CD /* LaunchScreen.storyboard in Resources */,
				1815AB3C265F2C5700E524CD /* Assets.xcassets in Resources */,
				1815AB3A265F2C5400E524CD /* Main.storyboard in Resources */,
			);
			runOnlyForDeploymentPostprocessing = 0;
		};
/* End PBXResourcesBuildPhase section */

/* Begin PBXShellScriptBuildPhase section */
		9034D5767A6FCD9FD8F9F39E /* [CP] Check Pods Manifest.lock */ = {
			isa = PBXShellScriptBuildPhase;
			buildActionMask = 2147483647;
			files = (
			);
			inputFileListPaths = (
			);
			inputPaths = (
				"${PODS_PODFILE_DIR_PATH}/Podfile.lock",
				"${PODS_ROOT}/Manifest.lock",
			);
			name = "[CP] Check Pods Manifest.lock";
			outputFileListPaths = (
			);
			outputPaths = (
				"$(DERIVED_FILE_DIR)/Pods-BYSwiftTool-checkManifestLockResult.txt",
			);
			runOnlyForDeploymentPostprocessing = 0;
			shellPath = /bin/sh;
			shellScript = "diff \"${PODS_PODFILE_DIR_PATH}/Podfile.lock\" \"${PODS_ROOT}/Manifest.lock\" > /dev/null\nif [ $? != 0 ] ; then\n    # print error to STDERR\n    echo \"error: The sandbox is not in sync with the Podfile.lock. Run 'pod install' or update your CocoaPods installation.\" >&2\n    exit 1\nfi\n# This output is used by Xcode 'outputs' to avoid re-running this script phase.\necho \"SUCCESS\" > \"${SCRIPT_OUTPUT_FILE_0}\"\n";
			showEnvVarsInLog = 0;
		};
		B2C451BF18750F12AB20776D /* [CP] Embed Pods Frameworks */ = {
			isa = PBXShellScriptBuildPhase;
			buildActionMask = 2147483647;
			files = (
			);
			inputFileListPaths = (
				"${PODS_ROOT}/Target Support Files/Pods-BYSwiftTool/Pods-BYSwiftTool-frameworks-${CONFIGURATION}-input-files.xcfilelist",
			);
			name = "[CP] Embed Pods Frameworks";
			outputFileListPaths = (
				"${PODS_ROOT}/Target Support Files/Pods-BYSwiftTool/Pods-BYSwiftTool-frameworks-${CONFIGURATION}-output-files.xcfilelist",
			);
			runOnlyForDeploymentPostprocessing = 0;
			shellPath = /bin/sh;
			shellScript = "\"${PODS_ROOT}/Target Support Files/Pods-BYSwiftTool/Pods-BYSwiftTool-frameworks.sh\"\n";
			showEnvVarsInLog = 0;
		};
/* End PBXShellScriptBuildPhase section */

/* Begin PBXSourcesBuildPhase section */
		1815AB2B265F2C5400E524CD /* Sources */ = {
			isa = PBXSourcesBuildPhase;
			buildActionMask = 2147483647;
			files = (
				18040A5326607FA0002E722E /* BYBaseVC.swift in Sources */,
				1815AB37265F2C5400E524CD /* ViewController.swift in Sources */,
				18040A5626607FBC002E722E /* BYBaseTableViewVC.swift in Sources */,
				188BC16026608C3800968138 /* BYNavigationVC.swift in Sources */,
				185EF9252660951B00D8E258 /* BusinessVC.swift in Sources */,
				188BC15D26608B9E00968138 /* BYTabBarVC.swift in Sources */,
				1815AB33265F2C5400E524CD /* AppDelegate.swift in Sources */,
				18040A44265F3D7E002E722E /* BYConst.swift in Sources */,
				1815AB35265F2C5400E524CD /* SceneDelegate.swift in Sources */,
				181045A826608FD4006199DF /* MyVC.swift in Sources */,
				185EF9222660950600D8E258 /* HomeVC.swift in Sources */,
				1815AB49265F351200E524CD /* BYExtension.swift in Sources */,
			);
			runOnlyForDeploymentPostprocessing = 0;
		};
/* End PBXSourcesBuildPhase section */

/* Begin PBXVariantGroup section */
		1815AB38265F2C5400E524CD /* Main.storyboard */ = {
			isa = PBXVariantGroup;
			children = (
				1815AB39265F2C5400E524CD /* Base */,
			);
			name = Main.storyboard;
			sourceTree = "<group>";
		};
		1815AB3D265F2C5700E524CD /* LaunchScreen.storyboard */ = {
			isa = PBXVariantGroup;
			children = (
				1815AB3E265F2C5700E524CD /* Base */,
			);
			name = LaunchScreen.storyboard;
			sourceTree = "<group>";
		};
/* End PBXVariantGroup section */

/* Begin XCBuildConfiguration section */
		1815AB41265F2C5700E524CD /* Debug */ = {
			isa = XCBuildConfiguration;
			buildSettings = {
				ALWAYS_SEARCH_USER_PATHS = NO;
				CLANG_ANALYZER_NONNULL = YES;
				CLANG_ANALYZER_NUMBER_OBJECT_CONVERSION = YES_AGGRESSIVE;
				CLANG_CXX_LANGUAGE_STANDARD = "gnu++14";
				CLANG_CXX_LIBRARY = "libc++";
				CLANG_ENABLE_MODULES = YES;
				CLANG_ENABLE_OBJC_ARC = YES;
				CLANG_ENABLE_OBJC_WEAK = YES;
				CLANG_WARN_BLOCK_CAPTURE_AUTORELEASING = YES;
				CLANG_WARN_BOOL_CONVERSION = YES;
				CLANG_WARN_COMMA = YES;
				CLANG_WARN_CONSTANT_CONVERSION = YES;
				CLANG_WARN_DEPRECATED_OBJC_IMPLEMENTATIONS = YES;
				CLANG_WARN_DIRECT_OBJC_ISA_USAGE = YES_ERROR;
				CLANG_WARN_DOCUMENTATION_COMMENTS = YES;
				CLANG_WARN_EMPTY_BODY = YES;
				CLANG_WARN_ENUM_CONVERSION = YES;
				CLANG_WARN_INFINITE_RECURSION = YES;
				CLANG_WARN_INT_CONVERSION = YES;
				CLANG_WARN_NON_LITERAL_NULL_CONVERSION = YES;
				CLANG_WARN_OBJC_IMPLICIT_RETAIN_SELF = YES;
				CLANG_WARN_OBJC_LITERAL_CONVERSION = YES;
				CLANG_WARN_OBJC_ROOT_CLASS = YES_ERROR;
				CLANG_WARN_QUOTED_INCLUDE_IN_FRAMEWORK_HEADER = YES;
				CLANG_WARN_RANGE_LOOP_ANALYSIS = YES;
				CLANG_WARN_STRICT_PROTOTYPES = YES;
				CLANG_WARN_SUSPICIOUS_MOVE = YES;
				CLANG_WARN_UNGUARDED_AVAILABILITY = YES_AGGRESSIVE;
				CLANG_WARN_UNREACHABLE_CODE = YES;
				CLANG_WARN__DUPLICATE_METHOD_MATCH = YES;
				COPY_PHASE_STRIP = NO;
				DEBUG_INFORMATION_FORMAT = dwarf;
				ENABLE_STRICT_OBJC_MSGSEND = YES;
				ENABLE_TESTABILITY = YES;
				GCC_C_LANGUAGE_STANDARD = gnu11;
				GCC_DYNAMIC_NO_PIC = NO;
				GCC_NO_COMMON_BLOCKS = YES;
				GCC_OPTIMIZATION_LEVEL = 0;
				GCC_PREPROCESSOR_DEFINITIONS = (
					"DEBUG=1",
					"$(inherited)",
				);
				GCC_WARN_64_TO_32_BIT_CONVERSION = YES;
				GCC_WARN_ABOUT_RETURN_TYPE = YES_ERROR;
				GCC_WARN_UNDECLARED_SELECTOR = YES;
				GCC_WARN_UNINITIALIZED_AUTOS = YES_AGGRESSIVE;
				GCC_WARN_UNUSED_FUNCTION = YES;
				GCC_WARN_UNUSED_VARIABLE = YES;
				IPHONEOS_DEPLOYMENT_TARGET = 14.3;
				MTL_ENABLE_DEBUG_INFO = INCLUDE_SOURCE;
				MTL_FAST_MATH = YES;
				ONLY_ACTIVE_ARCH = YES;
				SDKROOT = iphoneos;
				SWIFT_ACTIVE_COMPILATION_CONDITIONS = DEBUG;
				SWIFT_OPTIMIZATION_LEVEL = "-Onone";
			};
			name = Debug;
		};
		1815AB42265F2C5700E524CD /* Release */ = {
			isa = XCBuildConfiguration;
			buildSettings = {
				ALWAYS_SEARCH_USER_PATHS = NO;
				CLANG_ANALYZER_NONNULL = YES;
				CLANG_ANALYZER_NUMBER_OBJECT_CONVERSION = YES_AGGRESSIVE;
				CLANG_CXX_LANGUAGE_STANDARD = "gnu++14";
				CLANG_CXX_LIBRARY = "libc++";
				CLANG_ENABLE_MODULES = YES;
				CLANG_ENABLE_OBJC_ARC = YES;
				CLANG_ENABLE_OBJC_WEAK = YES;
				CLANG_WARN_BLOCK_CAPTURE_AUTORELEASING = YES;
				CLANG_WARN_BOOL_CONVERSION = YES;
				CLANG_WARN_COMMA = YES;
				CLANG_WARN_CONSTANT_CONVERSION = YES;
				CLANG_WARN_DEPRECATED_OBJC_IMPLEMENTATIONS = YES;
				CLANG_WARN_DIRECT_OBJC_ISA_USAGE = YES_ERROR;
				CLANG_WARN_DOCUMENTATION_COMMENTS = YES;
				CLANG_WARN_EMPTY_BODY = YES;
				CLANG_WARN_ENUM_CONVERSION = YES;
				CLANG_WARN_INFINITE_RECURSION = YES;
				CLANG_WARN_INT_CONVERSION = YES;
				CLANG_WARN_NON_LITERAL_NULL_CONVERSION = YES;
				CLANG_WARN_OBJC_IMPLICIT_RETAIN_SELF = YES;
				CLANG_WARN_OBJC_LITERAL_CONVERSION = YES;
				CLANG_WARN_OBJC_ROOT_CLASS = YES_ERROR;
				CLANG_WARN_QUOTED_INCLUDE_IN_FRAMEWORK_HEADER = YES;
				CLANG_WARN_RANGE_LOOP_ANALYSIS = YES;
				CLANG_WARN_STRICT_PROTOTYPES = YES;
				CLANG_WARN_SUSPICIOUS_MOVE = YES;
				CLANG_WARN_UNGUARDED_AVAILABILITY = YES_AGGRESSIVE;
				CLANG_WARN_UNREACHABLE_CODE = YES;
				CLANG_WARN__DUPLICATE_METHOD_MATCH = YES;
				COPY_PHASE_STRIP = NO;
				DEBUG_INFORMATION_FORMAT = "dwarf-with-dsym";
				ENABLE_NS_ASSERTIONS = NO;
				ENABLE_STRICT_OBJC_MSGSEND = YES;
				GCC_C_LANGUAGE_STANDARD = gnu11;
				GCC_NO_COMMON_BLOCKS = YES;
				GCC_WARN_64_TO_32_BIT_CONVERSION = YES;
				GCC_WARN_ABOUT_RETURN_TYPE = YES_ERROR;
				GCC_WARN_UNDECLARED_SELECTOR = YES;
				GCC_WARN_UNINITIALIZED_AUTOS = YES_AGGRESSIVE;
				GCC_WARN_UNUSED_FUNCTION = YES;
				GCC_WARN_UNUSED_VARIABLE = YES;
				IPHONEOS_DEPLOYMENT_TARGET = 14.3;
				MTL_ENABLE_DEBUG_INFO = NO;
				MTL_FAST_MATH = YES;
				SDKROOT = iphoneos;
				SWIFT_COMPILATION_MODE = wholemodule;
				SWIFT_OPTIMIZATION_LEVEL = "-O";
				VALIDATE_PRODUCT = YES;
			};
			name = Release;
		};
		1815AB44265F2C5700E524CD /* Debug */ = {
			isa = XCBuildConfiguration;
			baseConfigurationReference = F85D2D74D747F4AFB9E39812 /* Pods-BYSwiftTool.debug.xcconfig */;
			buildSettings = {
				ASSETCATALOG_COMPILER_APPICON_NAME = AppIcon;
				ASSETCATALOG_COMPILER_GLOBAL_ACCENT_COLOR_NAME = AccentColor;
				CODE_SIGN_STYLE = Automatic;
				INFOPLIST_FILE = BYSwiftTool/Info.plist;
				LD_RUNPATH_SEARCH_PATHS = (
					"$(inherited)",
					"@executable_path/Frameworks",
				);
				PRODUCT_BUNDLE_IDENTIFIER = com.by.BYSwiftTool;
				PRODUCT_NAME = "$(TARGET_NAME)";
				SWIFT_VERSION = 5.0;
				TARGETED_DEVICE_FAMILY = "1,2";
			};
			name = Debug;
		};
		1815AB45265F2C5700E524CD /* Release */ = {
			isa = XCBuildConfiguration;
			baseConfigurationReference = C267ABC795DA378C887B1538 /* Pods-BYSwiftTool.release.xcconfig */;
			buildSettings = {
				ASSETCATALOG_COMPILER_APPICON_NAME = AppIcon;
				ASSETCATALOG_COMPILER_GLOBAL_ACCENT_COLOR_NAME = AccentColor;
				CODE_SIGN_STYLE = Automatic;
				INFOPLIST_FILE = BYSwiftTool/Info.plist;
				LD_RUNPATH_SEARCH_PATHS = (
					"$(inherited)",
					"@executable_path/Frameworks",
				);
				PRODUCT_BUNDLE_IDENTIFIER = com.by.BYSwiftTool;
				PRODUCT_NAME = "$(TARGET_NAME)";
				SWIFT_VERSION = 5.0;
				TARGETED_DEVICE_FAMILY = "1,2";
			};
			name = Release;
		};
/* End XCBuildConfiguration section */

/* Begin XCConfigurationList section */
		1815AB2A265F2C5400E524CD /* Build configuration list for PBXProject "BYSwiftTool" */ = {
			isa = XCConfigurationList;
			buildConfigurations = (
				1815AB41265F2C5700E524CD /* Debug */,
				1815AB42265F2C5700E524CD /* Release */,
			);
			defaultConfigurationIsVisible = 0;
			defaultConfigurationName = Release;
		};
		1815AB43265F2C5700E524CD /* Build configuration list for PBXNativeTarget "BYSwiftTool" */ = {
			isa = XCConfigurationList;
			buildConfigurations = (
				1815AB44265F2C5700E524CD /* Debug */,
				1815AB45265F2C5700E524CD /* Release */,
			);
			defaultConfigurationIsVisible = 0;
			defaultConfigurationName = Release;
		};
/* End XCConfigurationList section */
	};
	rootObject = 1815AB27265F2C5400E524CD /* Project object */;
}
